{
  "originHash" : "de88b0c43f1c3c27c3751724ee80ec8227827f52ea596e110d4ea9ea7e9e5f33",
  "pins" : [
    {
      "identity" : "capacitor-swift-pm",
      "kind" : "remoteSourceControl",
      "location" : "https://github.com/ionic-team/capacitor-swift-pm.git",
      "state" : {
        "revision" : "6a2a3feb25fda8df2a284d0818bc9c83e57a7d56",
        "version" : "8.3.0"
      }
    },
    {
      "identity" : "purchases-hybrid-common",
      "kind" : "remoteSourceControl",
      "location" : "https://github.com/RevenueCat/purchases-hybrid-common.git",
      "state" : {
        "revision" : "aa2bfca14cb6e393a9b2a813a4eed770544b2193",
        "version" : "17.55.1"
      }
    },
    {
      "identity" : "purchases-ios-spm",
      "kind" : "remoteSourceControl",
      "location" : "https://github.com/RevenueCat/purchases-ios-spm",
      "state" : {
        "revision" : "66f81c19e29170cecc1f155c62cd586cf53b8400",
        "version" : "5.67.1"
      }
    }
  ],
  "version" : 3
}
